
Microsoft Visual Studio Solution File, Format Version 12.00
# Visual Studio Version 17
VisualStudioVersion = 17.12.35506.116
MinimumVisualStudioVersion = 10.0.40219.1
Project("{FAE04EC0-301F-11D3-BF4B-00C04F79EFBC}") = "Presentation.Console.MainApp", "ContactApp\Presentation.Console.MainApp.csproj", "{A65EAD29-7C9C-451D-A770-E6AADBF7C6C3}"
EndProject
Project("{FAE04EC0-301F-11D3-BF4B-00C04F79EFBC}") = "Business", "Business\Business.csproj", "{BECA9DBF-9B52-4A29-ADB0-F4645943D17A}"
EndProject
Project("{FAE04EC0-301F-11D3-BF4B-00C04F79EFBC}") = "Presentation.MauiBlazorMainApp", "Presentation.MauiBlazorMainApp\Presentation.MauiBlazorMainApp.csproj", "{7E283DF0-3688-4023-8BAD-6CCD96B44DA0}"
EndProject
Project("{FAE04EC0-301F-11D3-BF4B-00C04F79EFBC}") = "Business.Test", "Business.Test\Business.Test.csproj", "{4D8286B7-1E26-46CA-AC40-A0D2D9D9B337}"
EndProject
Project("{FAE04EC0-301F-11D3-BF4B-00C04F79EFBC}") = "Presentation.MauiMainApp", "Presentation.MauiMainApp\Presentation.MauiMainApp.csproj", "{62F3EE67-6902-4C0E-9836-CBC5F60AFEF7}"
EndProject
Global
	GlobalSection(SolutionConfigurationPlatforms) = preSolution
		Debug|Any CPU = Debug|Any CPU
		Release|Any CPU = Release|Any CPU
	EndGlobalSection
	GlobalSection(ProjectConfigurationPlatforms) = postSolution
		{A65EAD29-7C9C-451D-A770-E6AADBF7C6C3}.Debug|Any CPU.ActiveCfg = Debug|Any CPU
		{A65EAD29-7C9C-451D-A770-E6AADBF7C6C3}.Debug|Any CPU.Build.0 = Debug|Any CPU
		{A65EAD29-7C9C-451D-A770-E6AADBF7C6C3}.Release|Any CPU.ActiveCfg = Release|Any CPU
		{A65EAD29-7C9C-451D-A770-E6AADBF7C6C3}.Release|Any CPU.Build.0 = Release|Any CPU
		{BECA9DBF-9B52-4A29-ADB0-F4645943D17A}.Debug|Any CPU.ActiveCfg = Debug|Any CPU
		{BECA9DBF-9B52-4A29-ADB0-F4645943D17A}.Debug|Any CPU.Build.0 = Debug|Any CPU
		{BECA9DBF-9B52-4A29-ADB0-F4645943D17A}.Release|Any CPU.ActiveCfg = Release|Any CPU
		{BECA9DBF-9B52-4A29-ADB0-F4645943D17A}.Release|Any CPU.Build.0 = Release|Any CPU
		{7E283DF0-3688-4023-8BAD-6CCD96B44DA0}.Debug|Any CPU.ActiveCfg = Debug|Any CPU
		{7E283DF0-3688-4023-8BAD-6CCD96B44DA0}.Debug|Any CPU.Build.0 = Debug|Any CPU
		{7E283DF0-3688-4023-8BAD-6CCD96B44DA0}.Release|Any CPU.ActiveCfg = Release|Any CPU
		{7E283DF0-3688-4023-8BAD-6CCD96B44DA0}.Release|Any CPU.Build.0 = Release|Any CPU
		{4D8286B7-1E26-46CA-AC40-A0D2D9D9B337}.Debug|Any CPU.ActiveCfg = Debug|Any CPU
		{4D8286B7-1E26-46CA-AC40-A0D2D9D9B337}.Debug|Any CPU.Build.0 = Debug|Any CPU
		{4D8286B7-1E26-46CA-AC40-A0D2D9D9B337}.Release|Any CPU.ActiveCfg = Release|Any CPU
		{4D8286B7-1E26-46CA-AC40-A0D2D9D9B337}.Release|Any CPU.Build.0 = Release|Any CPU
		{62F3EE67-6902-4C0E-9836-CBC5F60AFEF7}.Debug|Any CPU.ActiveCfg = Debug|Any CPU
		{62F3EE67-6902-4C0E-9836-CBC5F60AFEF7}.Debug|Any CPU.Build.0 = Debug|Any CPU
		{62F3EE67-6902-4C0E-9836-CBC5F60AFEF7}.Debug|Any CPU.Deploy.0 = Debug|Any CPU
		{62F3EE67-6902-4C0E-9836-CBC5F60AFEF7}.Release|Any CPU.ActiveCfg = Release|Any CPU
		{62F3EE67-6902-4C0E-9836-CBC5F60AFEF7}.Release|Any CPU.Build.0 = Release|Any CPU
	EndGlobalSection
	GlobalSection(SolutionProperties) = preSolution
		HideSolutionNode = FALSE
	EndGlobalSection
EndGlobal
